
Microsoft Visual Studio Solution File, Format Version 12.00
# Visual Studio Version 17
VisualStudioVersion = 17.14.37012.4
MinimumVisualStudioVersion = 10.0.40219.1
Project("{8BC9CEB8-8B4A-11D0-8D11-00A0C91BC942}") = "MARPR-1", "MARPR-1\MARPR-1.vcxproj", "{D6E1A4FF-F11E-431E-A81B-88BFBE189B6F}"
EndProject
Project("{8BC9CEB8-8B4A-11D0-8D11-00A0C91BC942}") = "MARPR-2", "MARPR-2\MARPR-2.vcxproj", "{EE4A7623-0ED8-4DBA-8C1E-D3F6804F5E8F}"
EndProject
Project("{8BC9CEB8-8B4A-11D0-8D11-00A0C91BC942}") = "MARPR-3", "MARPR-3\MARPR-3.vcxproj", "{D05963A8-049F-4D3D-AFB7-77991F48B911}"
EndProject
Project("{8BC9CEB8-8B4A-11D0-8D11-00A0C91BC942}") = "MARPR-4", "MARPR-4\MARPR-4.vcxproj", "{601AF694-19AC-4521-A3C0-F82BDEF96F41}"
EndProject
Project("{8BC9CEB8-8B4A-11D0-8D11-00A0C91BC942}") = "MARPR-5", "MARPR-5\MARPR-5.vcxproj", "{885DC987-78FE-4EF3-B99E-675C640D4D19}"
EndProject
Project("{8BC9CEB8-8B4A-11D0-8D11-00A0C91BC942}") = "MARPR-6", "MARPR-6\MARPR-6.vcxproj", "{92DA7092-4564-4B1D-A54C-1F8B96BD59CC}"
EndProject
Project("{8BC9CEB8-8B4A-11D0-8D11-00A0C91BC942}") = "MARPR-7", "MARPR-7\MARPR-7.vcxproj", "{B5E22BEB-4981-4077-BF9D-19147A1FE0B0}"
EndProject
Project("{8BC9CEB8-8B4A-11D0-8D11-00A0C91BC942}") = "MARPR-8", "MARPR-8\MARPR-8.vcxproj", "{6A92816E-1B43-48A9-BF41-F8FD29EAD985}"
EndProject
Project("{8BC9CEB8-8B4A-11D0-8D11-00A0C91BC942}") = "MARPR-9", "MARPR-9\MARPR-9.vcxproj", "{0ACCC0A2-41EB-43AD-906F-0B769FCF1C10}"
EndProject
Project("{8BC9CEB8-8B4A-11D0-8D11-00A0C91BC942}") = "MARPR-10", "MARPR-10\MARPR-10.vcxproj", "{9CC046E6-FB50-4292-92EB-B08CA422DEC6}"
EndProject
Project("{8BC9CEB8-8B4A-11D0-8D11-00A0C91BC942}") = "MARPR-11", "MARPR-11\MARPR-11.vcxproj", "{112810DB-A451-4CDF-A095-990005E65755}"
EndProject
Project("{8BC9CEB8-8B4A-11D0-8D11-00A0C91BC942}") = "MARPR-12", "MARPR-12\MARPR-12.vcxproj", "{3AF754DB-453C-4BFD-9AD8-C37048D1395A}"
EndProject
Project("{8BC9CEB8-8B4A-11D0-8D11-00A0C91BC942}") = "MARPR-13", "MARPR-13\MARPR-13.vcxproj", "{D6A8FA96-5793-4F1E-943E-504E2AD010E5}"
EndProject
Project("{8BC9CEB8-8B4A-11D0-8D11-00A0C91BC942}") = "MARPR-14", "MARPR-14\MARPR-14.vcxproj", "{50615B15-8CA7-42DC-88B2-7D5058A8F285}"
EndProject
Global
	GlobalSection(SolutionConfigurationPlatforms) = preSolution
		Debug|x64 = Debug|x64
		Debug|x86 = Debug|x86
		Release|x64 = Release|x64
		Release|x86 = Release|x86
	EndGlobalSection
	GlobalSection(ProjectConfigurationPlatforms) = postSolution
		{D6E1A4FF-F11E-431E-A81B-88BFBE189B6F}.Debug|x64.ActiveCfg = Debug|x64
		{D6E1A4FF-F11E-431E-A81B-88BFBE189B6F}.Debug|x64.Build.0 = Debug|x64
		{D6E1A4FF-F11E-431E-A81B-88BFBE189B6F}.Debug|x86.ActiveCfg = Debug|Win32
		{D6E1A4FF-F11E-431E-A81B-88BFBE189B6F}.Debug|x86.Build.0 = Debug|Win32
		{D6E1A4FF-F11E-431E-A81B-88BFBE189B6F}.Release|x64.ActiveCfg = Release|x64
		{D6E1A4FF-F11E-431E-A81B-88BFBE189B6F}.Release|x64.Build.0 = Release|x64
		{D6E1A4FF-F11E-431E-A81B-88BFBE189B6F}.Release|x86.ActiveCfg = Release|Win32
		{D6E1A4FF-F11E-431E-A81B-88BFBE189B6F}.Release|x86.Build.0 = Release|Win32
		{EE4A7623-0ED8-4DBA-8C1E-D3F6804F5E8F}.Debug|x64.ActiveCfg = Debug|x64
		{EE4A7623-0ED8-4DBA-8C1E-D3F6804F5E8F}.Debug|x64.Build.0 = Debug|x64
		{EE4A7623-0ED8-4DBA-8C1E-D3F6804F5E8F}.Debug|x86.ActiveCfg = Debug|Win32
		{EE4A7623-0ED8-4DBA-8C1E-D3F6804F5E8F}.Debug|x86.Build.0 = Debug|Win32
		{EE4A7623-0ED8-4DBA-8C1E-D3F6804F5E8F}.Release|x64.ActiveCfg = Release|x64
		{EE4A7623-0ED8-4DBA-8C1E-D3F6804F5E8F}.Release|x64.Build.0 = Release|x64
		{EE4A7623-0ED8-4DBA-8C1E-D3F6804F5E8F}.Release|x86.ActiveCfg = Release|Win32
		{EE4A7623-0ED8-4DBA-8C1E-D3F6804F5E8F}.Release|x86.Build.0 = Release|Win32
		{D05963A8-049F-4D3D-AFB7-77991F48B911}.Debug|x64.ActiveCfg = Debug|x64
		{D05963A8-049F-4D3D-AFB7-77991F48B911}.Debug|x64.Build.0 = Debug|x64
		{D05963A8-049F-4D3D-AFB7-77991F48B911}.Debug|x86.ActiveCfg = Debug|Win32
		{D05963A8-049F-4D3D-AFB7-77991F48B911}.Debug|x86.Build.0 = Debug|Win32
		{D05963A8-049F-4D3D-AFB7-77991F48B911}.Release|x64.ActiveCfg = Release|x64
		{D05963A8-049F-4D3D-AFB7-77991F48B911}.Release|x64.Build.0 = Release|x64
		{D05963A8-049F-4D3D-AFB7-77991F48B911}.Release|x86.ActiveCfg = Release|Win32
		{D05963A8-049F-4D3D-AFB7-77991F48B911}.Release|x86.Build.0 = Release|Win32
		{601AF694-19AC-4521-A3C0-F82BDEF96F41}.Debug|x64.ActiveCfg = Debug|x64
		{601AF694-19AC-4521-A3C0-F82BDEF96F41}.Debug|x64.Build.0 = Debug|x64
		{601AF694-19AC-4521-A3C0-F82BDEF96F41}.Debug|x86.ActiveCfg = Debug|Win32
		{601AF694-19AC-4521-A3C0-F82BDEF96F41}.Debug|x86.Build.0 = Debug|Win32
		{601AF694-19AC-4521-A3C0-F82BDEF96F41}.Release|x64.ActiveCfg = Release|x64
		{601AF694-19AC-4521-A3C0-F82BDEF96F41}.Release|x64.Build.0 = Release|x64
		{601AF694-19AC-4521-A3C0-F82BDEF96F41}.Release|x86.ActiveCfg = Release|Win32
		{601AF694-19AC-4521-A3C0-F82BDEF96F41}.Release|x86.Build.0 = Release|Win32
		{885DC987-78FE-4EF3-B99E-675C640D4D19}.Debug|x64.ActiveCfg = Debug|x64
		{885DC987-78FE-4EF3-B99E-675C640D4D19}.Debug|x64.Build.0 = Debug|x64
		{885DC987-78FE-4EF3-B99E-675C640D4D19}.Debug|x86.ActiveCfg = Debug|Win32
		{885DC987-78FE-4EF3-B99E-675C640D4D19}.Debug|x86.Build.0 = Debug|Win32
		{885DC987-78FE-4EF3-B99E-675C640D4D19}.Release|x64.ActiveCfg = Release|x64
		{885DC987-78FE-4EF3-B99E-675C640D4D19}.Release|x64.Build.0 = Release|x64
		{885DC987-78FE-4EF3-B99E-675C640D4D19}.Release|x86.ActiveCfg = Release|Win32
		{885DC987-78FE-4EF3-B99E-675C640D4D19}.Release|x86.Build.0 = Release|Win32
		{92DA7092-4564-4B1D-A54C-1F8B96BD59CC}.Debug|x64.ActiveCfg = Debug|x64
		{92DA7092-4564-4B1D-A54C-1F8B96BD59CC}.Debug|x64.Build.0 = Debug|x64
		{92DA7092-4564-4B1D-A54C-1F8B96BD59CC}.Debug|x86.ActiveCfg = Debug|Win32
		{92DA7092-4564-4B1D-A54C-1F8B96BD59CC}.Debug|x86.Build.0 = Debug|Win32
		{92DA7092-4564-4B1D-A54C-1F8B96BD59CC}.Release|x64.ActiveCfg = Release|x64
		{92DA7092-4564-4B1D-A54C-1F8B96BD59CC}.Release|x64.Build.0 = Release|x64
		{92DA7092-4564-4B1D-A54C-1F8B96BD59CC}.Release|x86.ActiveCfg = Release|Win32
		{92DA7092-4564-4B1D-A54C-1F8B96BD59CC}.Release|x86.Build.0 = Release|Win32
		{B5E22BEB-4981-4077-BF9D-19147A1FE0B0}.Debug|x64.ActiveCfg = Debug|x64
		{B5E22BEB-4981-4077-BF9D-19147A1FE0B0}.Debug|x64.Build.0 = Debug|x64
		{B5E22BEB-4981-4077-BF9D-19147A1FE0B0}.Debug|x86.ActiveCfg = Debug|Win32
		{B5E22BEB-4981-4077-BF9D-19147A1FE0B0}.Debug|x86.Build.0 = Debug|Win32
		{B5E22BEB-4981-4077-BF9D-19147A1FE0B0}.Release|x64.ActiveCfg = Release|x64
		{B5E22BEB-4981-4077-BF9D-19147A1FE0B0}.Release|x64.Build.0 = Release|x64
		{B5E22BEB-4981-4077-BF9D-19147A1FE0B0}.Release|x86.ActiveCfg = Release|Win32
		{B5E22BEB-4981-4077-BF9D-19147A1FE0B0}.Release|x86.Build.0 = Release|Win32
		{6A92816E-1B43-48A9-BF41-F8FD29EAD985}.Debug|x64.ActiveCfg = Debug|x64
		{6A92816E-1B43-48A9-BF41-F8FD29EAD985}.Debug|x64.Build.0 = Debug|x64
		{6A92816E-1B43-48A9-BF41-F8FD29EAD985}.Debug|x86.ActiveCfg = Debug|Win32
		{6A92816E-1B43-48A9-BF41-F8FD29EAD985}.Debug|x86.Build.0 = Debug|Win32
		{6A92816E-1B43-48A9-BF41-F8FD29EAD985}.Release|x64.ActiveCfg = Release|x64
		{6A92816E-1B43-48A9-BF41-F8FD29EAD985}.Release|x64.Build.0 = Release|x64
		{6A92816E-1B43-48A9-BF41-F8FD29EAD985}.Release|x86.ActiveCfg = Release|Win32
		{6A92816E-1B43-48A9-BF41-F8FD29EAD985}.Release|x86.Build.0 = Release|Win32
		{0ACCC0A2-41EB-43AD-906F-0B769FCF1C10}.Debug|x64.ActiveCfg = Debug|x64
		{0ACCC0A2-41EB-43AD-906F-0B769FCF1C10}.Debug|x64.Build.0 = Debug|x64
		{0ACCC0A2-41EB-43AD-906F-0B769FCF1C10}.Debug|x86.ActiveCfg = Debug|Win32
		{0ACCC0A2-41EB-43AD-906F-0B769FCF1C10}.Debug|x86.Build.0 = Debug|Win32
		{0ACCC0A2-41EB-43AD-906F-0B769FCF1C10}.Release|x64.ActiveCfg = Release|x64
		{0ACCC0A2-41EB-43AD-906F-0B769FCF1C10}.Release|x64.Build.0 = Release|x64
		{0ACCC0A2-41EB-43AD-906F-0B769FCF1C10}.Release|x86.ActiveCfg = Release|Win32
		{0ACCC0A2-41EB-43AD-906F-0B769FCF1C10}.Release|x86.Build.0 = Release|Win32
		{9CC046E6-FB50-4292-92EB-B08CA422DEC6}.Debug|x64.ActiveCfg = Debug|x64
		{9CC046E6-FB50-4292-92EB-B08CA422DEC6}.Debug|x64.Build.0 = Debug|x64
		{9CC046E6-FB50-4292-92EB-B08CA422DEC6}.Debug|x86.ActiveCfg = Debug|Win32
		{9CC046E6-FB50-4292-92EB-B08CA422DEC6}.Debug|x86.Build.0 = Debug|Win32
		{9CC046E6-FB50-4292-92EB-B08CA422DEC6}.Release|x64.ActiveCfg = Release|x64
		{9CC046E6-FB50-4292-92EB-B08CA422DEC6}.Release|x64.Build.0 = Release|x64
		{9CC046E6-FB50-4292-92EB-B08CA422DEC6}.Release|x86.ActiveCfg = Release|Win32
		{9CC046E6-FB50-4292-92EB-B08CA422DEC6}.Release|x86.Build.0 = Release|Win32
		{112810DB-A451-4CDF-A095-990005E65755}.Debug|x64.ActiveCfg = Debug|x64
		{112810DB-A451-4CDF-A095-990005E65755}.Debug|x64.Build.0 = Debug|x64
		{112810DB-A451-4CDF-A095-990005E65755}.Debug|x86.ActiveCfg = Debug|Win32
		{112810DB-A451-4CDF-A095-990005E65755}.Debug|x86.Build.0 = Debug|Win32
		{112810DB-A451-4CDF-A095-990005E65755}.Release|x64.ActiveCfg = Release|x64
		{112810DB-A451-4CDF-A095-990005E65755}.Release|x64.Build.0 = Release|x64
		{112810DB-A451-4CDF-A095-990005E65755}.Release|x86.ActiveCfg = Release|Win32
		{112810DB-A451-4CDF-A095-990005E65755}.Release|x86.Build.0 = Release|Win32
		{3AF754DB-453C-4BFD-9AD8-C37048D1395A}.Debug|x64.ActiveCfg = Debug|x64
		{3AF754DB-453C-4BFD-9AD8-C37048D1395A}.Debug|x64.Build.0 = Debug|x64
		{3AF754DB-453C-4BFD-9AD8-C37048D1395A}.Debug|x86.ActiveCfg = Debug|Win32
		{3AF754DB-453C-4BFD-9AD8-C37048D1395A}.Debug|x86.Build.0 = Debug|Win32
		{3AF754DB-453C-4BFD-9AD8-C37048D1395A}.Release|x64.ActiveCfg = Release|x64
		{3AF754DB-453C-4BFD-9AD8-C37048D1395A}.Release|x64.Build.0 = Release|x64
		{3AF754DB-453C-4BFD-9AD8-C37048D1395A}.Release|x86.ActiveCfg = Release|Win32
		{3AF754DB-453C-4BFD-9AD8-C37048D1395A}.Release|x86.Build.0 = Release|Win32
		{D6A8FA96-5793-4F1E-943E-504E2AD010E5}.Debug|x64.ActiveCfg = Debug|x64
		{D6A8FA96-5793-4F1E-943E-504E2AD010E5}.Debug|x64.Build.0 = Debug|x64
		{D6A8FA96-5793-4F1E-943E-504E2AD010E5}.Debug|x86.ActiveCfg = Debug|Win32
		{D6A8FA96-5793-4F1E-943E-504E2AD010E5}.Debug|x86.Build.0 = Debug|Win32
		{D6A8FA96-5793-4F1E-943E-504E2AD010E5}.Release|x64.ActiveCfg = Release|x64
		{D6A8FA96-5793-4F1E-943E-504E2AD010E5}.Release|x64.Build.0 = Release|x64
		{D6A8FA96-5793-4F1E-943E-504E2AD010E5}.Release|x86.ActiveCfg = Release|Win32
		{D6A8FA96-5793-4F1E-943E-504E2AD010E5}.Release|x86.Build.0 = Release|Win32
		{50615B15-8CA7-42DC-88B2-7D5058A8F285}.Debug|x64.ActiveCfg = Debug|x64
		{50615B15-8CA7-42DC-88B2-7D5058A8F285}.Debug|x64.Build.0 = Debug|x64
		{50615B15-8CA7-42DC-88B2-7D5058A8F285}.Debug|x86.ActiveCfg = Debug|Win32
		{50615B15-8CA7-42DC-88B2-7D5058A8F285}.Debug|x86.Build.0 = Debug|Win32
		{50615B15-8CA7-42DC-88B2-7D5058A8F285}.Release|x64.ActiveCfg = Release|x64
		{50615B15-8CA7-42DC-88B2-7D5058A8F285}.Release|x64.Build.0 = Release|x64
		{50615B15-8CA7-42DC-88B2-7D5058A8F285}.Release|x86.ActiveCfg = Release|Win32
		{50615B15-8CA7-42DC-88B2-7D5058A8F285}.Release|x86.Build.0 = Release|Win32
	EndGlobalSection
	GlobalSection(SolutionProperties) = preSolution
		HideSolutionNode = FALSE
	EndGlobalSection
	GlobalSection(ExtensibilityGlobals) = postSolution
		SolutionGuid = {1AF5DD21-2FF9-41C5-A8A2-EF409D3360D1}
	EndGlobalSection
EndGlobal
