
Microsoft Visual Studio Solution File, Format Version 12.00
# Visual Studio Version 17
VisualStudioVersion = 17.14.36212.18
MinimumVisualStudioVersion = 10.0.40219.1
Project("{8BC9CEB8-8B4A-11D0-8D11-00A0C91BC942}") = "MARP10-L", "MARP10-L\MARP10-L.vcxproj", "{AF7555B0-7469-4FE7-B71C-AA150A060664}"
EndProject
Project("{8BC9CEB8-8B4A-11D0-8D11-00A0C91BC942}") = "MARP10-1", "MARP10-1\MARP10-1.vcxproj", "{CA9DBF01-36F1-4E86-B27F-49775D26F76F}"
EndProject
Project("{8BC9CEB8-8B4A-11D0-8D11-00A0C91BC942}") = "MARP10-2", "MARP10-2\MARP10-2.vcxproj", "{4072C685-AAD5-4AF0-963E-6C595634D961}"
EndProject
Global
	GlobalSection(SolutionConfigurationPlatforms) = preSolution
		Debug|x64 = Debug|x64
		Debug|x86 = Debug|x86
		Release|x64 = Release|x64
		Release|x86 = Release|x86
	EndGlobalSection
	GlobalSection(ProjectConfigurationPlatforms) = postSolution
		{AF7555B0-7469-4FE7-B71C-AA150A060664}.Debug|x64.ActiveCfg = Debug|x64
		{AF7555B0-7469-4FE7-B71C-AA150A060664}.Debug|x64.Build.0 = Debug|x64
		{AF7555B0-7469-4FE7-B71C-AA150A060664}.Debug|x86.ActiveCfg = Debug|Win32
		{AF7555B0-7469-4FE7-B71C-AA150A060664}.Debug|x86.Build.0 = Debug|Win32
		{AF7555B0-7469-4FE7-B71C-AA150A060664}.Release|x64.ActiveCfg = Release|x64
		{AF7555B0-7469-4FE7-B71C-AA150A060664}.Release|x64.Build.0 = Release|x64
		{AF7555B0-7469-4FE7-B71C-AA150A060664}.Release|x86.ActiveCfg = Release|Win32
		{AF7555B0-7469-4FE7-B71C-AA150A060664}.Release|x86.Build.0 = Release|Win32
		{CA9DBF01-36F1-4E86-B27F-49775D26F76F}.Debug|x64.ActiveCfg = Debug|x64
		{CA9DBF01-36F1-4E86-B27F-49775D26F76F}.Debug|x64.Build.0 = Debug|x64
		{CA9DBF01-36F1-4E86-B27F-49775D26F76F}.Debug|x86.ActiveCfg = Debug|Win32
		{CA9DBF01-36F1-4E86-B27F-49775D26F76F}.Debug|x86.Build.0 = Debug|Win32
		{CA9DBF01-36F1-4E86-B27F-49775D26F76F}.Release|x64.ActiveCfg = Release|x64
		{CA9DBF01-36F1-4E86-B27F-49775D26F76F}.Release|x64.Build.0 = Release|x64
		{CA9DBF01-36F1-4E86-B27F-49775D26F76F}.Release|x86.ActiveCfg = Release|Win32
		{CA9DBF01-36F1-4E86-B27F-49775D26F76F}.Release|x86.Build.0 = Release|Win32
		{4072C685-AAD5-4AF0-963E-6C595634D961}.Debug|x64.ActiveCfg = Debug|x64
		{4072C685-AAD5-4AF0-963E-6C595634D961}.Debug|x64.Build.0 = Debug|x64
		{4072C685-AAD5-4AF0-963E-6C595634D961}.Debug|x86.ActiveCfg = Debug|Win32
		{4072C685-AAD5-4AF0-963E-6C595634D961}.Debug|x86.Build.0 = Debug|Win32
		{4072C685-AAD5-4AF0-963E-6C595634D961}.Release|x64.ActiveCfg = Release|x64
		{4072C685-AAD5-4AF0-963E-6C595634D961}.Release|x64.Build.0 = Release|x64
		{4072C685-AAD5-4AF0-963E-6C595634D961}.Release|x86.ActiveCfg = Release|Win32
		{4072C685-AAD5-4AF0-963E-6C595634D961}.Release|x86.Build.0 = Release|Win32
	EndGlobalSection
	GlobalSection(SolutionProperties) = preSolution
		HideSolutionNode = FALSE
	EndGlobalSection
	GlobalSection(ExtensibilityGlobals) = postSolution
		SolutionGuid = {A7386A6A-3925-44B2-A644-604226BCD104}
	EndGlobalSection
EndGlobal
