
Microsoft Visual Studio Solution File, Format Version 12.00
# Visual Studio Version 17
VisualStudioVersion = 17.14.36212.18
MinimumVisualStudioVersion = 10.0.40219.1
Project("{8BC9CEB8-8B4A-11D0-8D11-00A0C91BC942}") = "MARP12-3", "MARP12-3\MARP12-3.vcxproj", "{E5094407-F202-43A1-A778-7C4CE1892881}"
EndProject
Project("{8BC9CEB8-8B4A-11D0-8D11-00A0C91BC942}") = "MARP12-1", "MARP12-1\MARP12-1.vcxproj", "{36BA2EEF-39CA-489F-A660-A0790E62C9C7}"
EndProject
Project("{8BC9CEB8-8B4A-11D0-8D11-00A0C91BC942}") = "MARP12-L", "MARP12-L\MARP12-L.vcxproj", "{3F2DA9BC-37EC-4107-A9FA-B38F5936B546}"
EndProject
Project("{8BC9CEB8-8B4A-11D0-8D11-00A0C91BC942}") = "MARP12-2", "MARP12-2\MARP12-2.vcxproj", "{72726D0B-96AE-438C-9E62-BE7B82ECA62C}"
EndProject
Global
	GlobalSection(SolutionConfigurationPlatforms) = preSolution
		Debug|x64 = Debug|x64
		Debug|x86 = Debug|x86
		Release|x64 = Release|x64
		Release|x86 = Release|x86
	EndGlobalSection
	GlobalSection(ProjectConfigurationPlatforms) = postSolution
		{E5094407-F202-43A1-A778-7C4CE1892881}.Debug|x64.ActiveCfg = Debug|x64
		{E5094407-F202-43A1-A778-7C4CE1892881}.Debug|x64.Build.0 = Debug|x64
		{E5094407-F202-43A1-A778-7C4CE1892881}.Debug|x86.ActiveCfg = Debug|Win32
		{E5094407-F202-43A1-A778-7C4CE1892881}.Debug|x86.Build.0 = Debug|Win32
		{E5094407-F202-43A1-A778-7C4CE1892881}.Release|x64.ActiveCfg = Release|x64
		{E5094407-F202-43A1-A778-7C4CE1892881}.Release|x64.Build.0 = Release|x64
		{E5094407-F202-43A1-A778-7C4CE1892881}.Release|x86.ActiveCfg = Release|Win32
		{E5094407-F202-43A1-A778-7C4CE1892881}.Release|x86.Build.0 = Release|Win32
		{36BA2EEF-39CA-489F-A660-A0790E62C9C7}.Debug|x64.ActiveCfg = Debug|x64
		{36BA2EEF-39CA-489F-A660-A0790E62C9C7}.Debug|x64.Build.0 = Debug|x64
		{36BA2EEF-39CA-489F-A660-A0790E62C9C7}.Debug|x86.ActiveCfg = Debug|Win32
		{36BA2EEF-39CA-489F-A660-A0790E62C9C7}.Debug|x86.Build.0 = Debug|Win32
		{36BA2EEF-39CA-489F-A660-A0790E62C9C7}.Release|x64.ActiveCfg = Release|x64
		{36BA2EEF-39CA-489F-A660-A0790E62C9C7}.Release|x64.Build.0 = Release|x64
		{36BA2EEF-39CA-489F-A660-A0790E62C9C7}.Release|x86.ActiveCfg = Release|Win32
		{36BA2EEF-39CA-489F-A660-A0790E62C9C7}.Release|x86.Build.0 = Release|Win32
		{3F2DA9BC-37EC-4107-A9FA-B38F5936B546}.Debug|x64.ActiveCfg = Debug|x64
		{3F2DA9BC-37EC-4107-A9FA-B38F5936B546}.Debug|x64.Build.0 = Debug|x64
		{3F2DA9BC-37EC-4107-A9FA-B38F5936B546}.Debug|x86.ActiveCfg = Debug|Win32
		{3F2DA9BC-37EC-4107-A9FA-B38F5936B546}.Debug|x86.Build.0 = Debug|Win32
		{3F2DA9BC-37EC-4107-A9FA-B38F5936B546}.Release|x64.ActiveCfg = Release|x64
		{3F2DA9BC-37EC-4107-A9FA-B38F5936B546}.Release|x64.Build.0 = Release|x64
		{3F2DA9BC-37EC-4107-A9FA-B38F5936B546}.Release|x86.ActiveCfg = Release|Win32
		{3F2DA9BC-37EC-4107-A9FA-B38F5936B546}.Release|x86.Build.0 = Release|Win32
		{72726D0B-96AE-438C-9E62-BE7B82ECA62C}.Debug|x64.ActiveCfg = Debug|x64
		{72726D0B-96AE-438C-9E62-BE7B82ECA62C}.Debug|x64.Build.0 = Debug|x64
		{72726D0B-96AE-438C-9E62-BE7B82ECA62C}.Debug|x86.ActiveCfg = Debug|Win32
		{72726D0B-96AE-438C-9E62-BE7B82ECA62C}.Debug|x86.Build.0 = Debug|Win32
		{72726D0B-96AE-438C-9E62-BE7B82ECA62C}.Release|x64.ActiveCfg = Release|x64
		{72726D0B-96AE-438C-9E62-BE7B82ECA62C}.Release|x64.Build.0 = Release|x64
		{72726D0B-96AE-438C-9E62-BE7B82ECA62C}.Release|x86.ActiveCfg = Release|Win32
		{72726D0B-96AE-438C-9E62-BE7B82ECA62C}.Release|x86.Build.0 = Release|Win32
	EndGlobalSection
	GlobalSection(SolutionProperties) = preSolution
		HideSolutionNode = FALSE
	EndGlobalSection
	GlobalSection(ExtensibilityGlobals) = postSolution
		SolutionGuid = {02882354-CEC5-49DA-BAC4-A009C9331CD1}
	EndGlobalSection
EndGlobal
